dependencies:
- name: safezone-common
  repository: file://../safezone-common
  version: 0.1.0
- name: cliRelay
  repository: file://charts/cliRelay
  version: 0.2.1
- name: timeServer
  repository: file://charts/timeServer
  version: 0.2.1
digest: sha256:b410287c6771cb3ff78e4af12c63dd6074b18148a00fdf92643d14a4302878c5
generated: "2026-03-24T03:24:55.610793026Z"
