dependencies:
- name: safezone-common
  repository: file://../safezone-common
  version: 0.3.6
- name: writePipeline
  repository: file://charts/writePipeline
  version: 0.3.6
- name: readPipeline
  repository: file://charts/readPipeline
  version: 0.3.6
digest: sha256:07eb5a12369d2bb104b8519d772bc31d609c8a4ee0b97bafdb958a3d729a9939
generated: "2026-06-12T00:00:42.942999752Z"
