dependencies:
- name: safezone-common
  repository: file://../safezone-common
  version: 0.3.6
- name: cliRelay
  repository: file://charts/cliRelay
  version: 0.3.6
- name: timeServer
  repository: file://charts/timeServer
  version: 0.3.6
digest: sha256:c917d3051e6638d858ec05fa095827a41e6383e4b4c38eb238651f506c3fed9f
generated: "2026-06-12T00:00:36.530211777Z"
